
Microsoft Visual Studio Solution File, Format Version 12.00
# Visual Studio 15
VisualStudioVersion = 15.0.26124.0
MinimumVisualStudioVersion = 15.0.26124.0
Project("{FAE04EC0-301F-11D3-BF4B-00C04F79EFBC}") = "Common", "Common\Common.csproj", "{2550D284-EFB4-4556-9FDC-7E83BC78B44C}"
EndProject
Project("{FAE04EC0-301F-11D3-BF4B-00C04F79EFBC}") = "Polynomial", "Polynomial\Polynomial.csproj", "{3EC4CE06-1E91-4400-91CC-D379892C5757}"
EndProject
Project("{FAE04EC0-301F-11D3-BF4B-00C04F79EFBC}") = "Polynomial.Tests", "Polynomial.Tests\Polynomial.Tests.csproj", "{FC974D37-6248-49BF-803D-DE1D24FB33C0}"
EndProject
Project("{FAE04EC0-301F-11D3-BF4B-00C04F79EFBC}") = "LinearAlgebra", "LinearAlgebra\LinearAlgebra.csproj", "{B9A83346-6479-4334-A7B1-BA5606ACD4FE}"
EndProject
Project("{FAE04EC0-301F-11D3-BF4B-00C04F79EFBC}") = "LinearAlgebra.Tests", "LinearAlgebra.Tests\LinearAlgebra.Tests.csproj", "{6606DAFC-72F2-4CAF-B10D-D9B9524C07CC}"
EndProject
Global
	GlobalSection(SolutionConfigurationPlatforms) = preSolution
		Debug|Any CPU = Debug|Any CPU
		Debug|x64 = Debug|x64
		Debug|x86 = Debug|x86
		Release|Any CPU = Release|Any CPU
		Release|x64 = Release|x64
		Release|x86 = Release|x86
	EndGlobalSection
	GlobalSection(SolutionProperties) = preSolution
		HideSolutionNode = FALSE
	EndGlobalSection
	GlobalSection(ProjectConfigurationPlatforms) = postSolution
		{2550D284-EFB4-4556-9FDC-7E83BC78B44C}.Debug|Any CPU.ActiveCfg = Debug|Any CPU
		{2550D284-EFB4-4556-9FDC-7E83BC78B44C}.Debug|Any CPU.Build.0 = Debug|Any CPU
		{2550D284-EFB4-4556-9FDC-7E83BC78B44C}.Debug|x64.ActiveCfg = Debug|Any CPU
		{2550D284-EFB4-4556-9FDC-7E83BC78B44C}.Debug|x64.Build.0 = Debug|Any CPU
		{2550D284-EFB4-4556-9FDC-7E83BC78B44C}.Debug|x86.ActiveCfg = Debug|Any CPU
		{2550D284-EFB4-4556-9FDC-7E83BC78B44C}.Debug|x86.Build.0 = Debug|Any CPU
		{2550D284-EFB4-4556-9FDC-7E83BC78B44C}.Release|Any CPU.ActiveCfg = Release|Any CPU
		{2550D284-EFB4-4556-9FDC-7E83BC78B44C}.Release|Any CPU.Build.0 = Release|Any CPU
		{2550D284-EFB4-4556-9FDC-7E83BC78B44C}.Release|x64.ActiveCfg = Release|Any CPU
		{2550D284-EFB4-4556-9FDC-7E83BC78B44C}.Release|x64.Build.0 = Release|Any CPU
		{2550D284-EFB4-4556-9FDC-7E83BC78B44C}.Release|x86.ActiveCfg = Release|Any CPU
		{2550D284-EFB4-4556-9FDC-7E83BC78B44C}.Release|x86.Build.0 = Release|Any CPU
		{3EC4CE06-1E91-4400-91CC-D379892C5757}.Debug|Any CPU.ActiveCfg = Debug|Any CPU
		{3EC4CE06-1E91-4400-91CC-D379892C5757}.Debug|Any CPU.Build.0 = Debug|Any CPU
		{3EC4CE06-1E91-4400-91CC-D379892C5757}.Debug|x64.ActiveCfg = Debug|Any CPU
		{3EC4CE06-1E91-4400-91CC-D379892C5757}.Debug|x64.Build.0 = Debug|Any CPU
		{3EC4CE06-1E91-4400-91CC-D379892C5757}.Debug|x86.ActiveCfg = Debug|Any CPU
		{3EC4CE06-1E91-4400-91CC-D379892C5757}.Debug|x86.Build.0 = Debug|Any CPU
		{3EC4CE06-1E91-4400-91CC-D379892C5757}.Release|Any CPU.ActiveCfg = Release|Any CPU
		{3EC4CE06-1E91-4400-91CC-D379892C5757}.Release|Any CPU.Build.0 = Release|Any CPU
		{3EC4CE06-1E91-4400-91CC-D379892C5757}.Release|x64.ActiveCfg = Release|Any CPU
		{3EC4CE06-1E91-4400-91CC-D379892C5757}.Release|x64.Build.0 = Release|Any CPU
		{3EC4CE06-1E91-4400-91CC-D379892C5757}.Release|x86.ActiveCfg = Release|Any CPU
		{3EC4CE06-1E91-4400-91CC-D379892C5757}.Release|x86.Build.0 = Release|Any CPU
		{FC974D37-6248-49BF-803D-DE1D24FB33C0}.Debug|Any CPU.ActiveCfg = Debug|Any CPU
		{FC974D37-6248-49BF-803D-DE1D24FB33C0}.Debug|Any CPU.Build.0 = Debug|Any CPU
		{FC974D37-6248-49BF-803D-DE1D24FB33C0}.Debug|x64.ActiveCfg = Debug|Any CPU
		{FC974D37-6248-49BF-803D-DE1D24FB33C0}.Debug|x64.Build.0 = Debug|Any CPU
		{FC974D37-6248-49BF-803D-DE1D24FB33C0}.Debug|x86.ActiveCfg = Debug|Any CPU
		{FC974D37-6248-49BF-803D-DE1D24FB33C0}.Debug|x86.Build.0 = Debug|Any CPU
		{FC974D37-6248-49BF-803D-DE1D24FB33C0}.Release|Any CPU.ActiveCfg = Release|Any CPU
		{FC974D37-6248-49BF-803D-DE1D24FB33C0}.Release|Any CPU.Build.0 = Release|Any CPU
		{FC974D37-6248-49BF-803D-DE1D24FB33C0}.Release|x64.ActiveCfg = Release|Any CPU
		{FC974D37-6248-49BF-803D-DE1D24FB33C0}.Release|x64.Build.0 = Release|Any CPU
		{FC974D37-6248-49BF-803D-DE1D24FB33C0}.Release|x86.ActiveCfg = Release|Any CPU
		{FC974D37-6248-49BF-803D-DE1D24FB33C0}.Release|x86.Build.0 = Release|Any CPU
		{B9A83346-6479-4334-A7B1-BA5606ACD4FE}.Debug|Any CPU.ActiveCfg = Debug|Any CPU
		{B9A83346-6479-4334-A7B1-BA5606ACD4FE}.Debug|Any CPU.Build.0 = Debug|Any CPU
		{B9A83346-6479-4334-A7B1-BA5606ACD4FE}.Debug|x64.ActiveCfg = Debug|Any CPU
		{B9A83346-6479-4334-A7B1-BA5606ACD4FE}.Debug|x64.Build.0 = Debug|Any CPU
		{B9A83346-6479-4334-A7B1-BA5606ACD4FE}.Debug|x86.ActiveCfg = Debug|Any CPU
		{B9A83346-6479-4334-A7B1-BA5606ACD4FE}.Debug|x86.Build.0 = Debug|Any CPU
		{B9A83346-6479-4334-A7B1-BA5606ACD4FE}.Release|Any CPU.ActiveCfg = Release|Any CPU
		{B9A83346-6479-4334-A7B1-BA5606ACD4FE}.Release|Any CPU.Build.0 = Release|Any CPU
		{B9A83346-6479-4334-A7B1-BA5606ACD4FE}.Release|x64.ActiveCfg = Release|Any CPU
		{B9A83346-6479-4334-A7B1-BA5606ACD4FE}.Release|x64.Build.0 = Release|Any CPU
		{B9A83346-6479-4334-A7B1-BA5606ACD4FE}.Release|x86.ActiveCfg = Release|Any CPU
		{B9A83346-6479-4334-A7B1-BA5606ACD4FE}.Release|x86.Build.0 = Release|Any CPU
		{6606DAFC-72F2-4CAF-B10D-D9B9524C07CC}.Debug|Any CPU.ActiveCfg = Debug|Any CPU
		{6606DAFC-72F2-4CAF-B10D-D9B9524C07CC}.Debug|Any CPU.Build.0 = Debug|Any CPU
		{6606DAFC-72F2-4CAF-B10D-D9B9524C07CC}.Debug|x64.ActiveCfg = Debug|Any CPU
		{6606DAFC-72F2-4CAF-B10D-D9B9524C07CC}.Debug|x64.Build.0 = Debug|Any CPU
		{6606DAFC-72F2-4CAF-B10D-D9B9524C07CC}.Debug|x86.ActiveCfg = Debug|Any CPU
		{6606DAFC-72F2-4CAF-B10D-D9B9524C07CC}.Debug|x86.Build.0 = Debug|Any CPU
		{6606DAFC-72F2-4CAF-B10D-D9B9524C07CC}.Release|Any CPU.ActiveCfg = Release|Any CPU
		{6606DAFC-72F2-4CAF-B10D-D9B9524C07CC}.Release|Any CPU.Build.0 = Release|Any CPU
		{6606DAFC-72F2-4CAF-B10D-D9B9524C07CC}.Release|x64.ActiveCfg = Release|Any CPU
		{6606DAFC-72F2-4CAF-B10D-D9B9524C07CC}.Release|x64.Build.0 = Release|Any CPU
		{6606DAFC-72F2-4CAF-B10D-D9B9524C07CC}.Release|x86.ActiveCfg = Release|Any CPU
		{6606DAFC-72F2-4CAF-B10D-D9B9524C07CC}.Release|x86.Build.0 = Release|Any CPU
	EndGlobalSection
EndGlobal
